
Microsoft Visual Studio Solution File, Format Version 12.00
# Visual Studio Version 17
VisualStudioVersion = 17.4.33213.308
MinimumVisualStudioVersion = 10.0.40219.1
Project("{FAE04EC0-301F-11D3-BF4B-00C04F79EFBC}") = "TWO_SUM", "TWO_SUM\TWO_SUM.csproj", "{665B4018-F802-418C-BA93-E849D17B4308}"
EndProject
Global
	GlobalSection(SolutionConfigurationPlatforms) = preSolution
		Debug|Any CPU = Debug|Any CPU
		Release|Any CPU = Release|Any CPU
	EndGlobalSection
	GlobalSection(ProjectConfigurationPlatforms) = postSolution
		{665B4018-F802-418C-BA93-E849D17B4308}.Debug|Any CPU.ActiveCfg = Debug|Any CPU
		{665B4018-F802-418C-BA93-E849D17B4308}.Debug|Any CPU.Build.0 = Debug|Any CPU
		{665B4018-F802-418C-BA93-E849D17B4308}.Release|Any CPU.ActiveCfg = Release|Any CPU
		{665B4018-F802-418C-BA93-E849D17B4308}.Release|Any CPU.Build.0 = Release|Any CPU
	EndGlobalSection
	GlobalSection(SolutionProperties) = preSolution
		HideSolutionNode = FALSE
	EndGlobalSection
	GlobalSection(ExtensibilityGlobals) = postSolution
		SolutionGuid = {98D4D938-77A3-4058-842A-280F7F2A36D3}
	EndGlobalSection
EndGlobal
